
Microsoft Visual Studio Solution File, Format Version 12.00
# Visual Studio 2015
VisualStudioVersion = 12.0.31101.0
MinimumVisualStudioVersion = 10.0.40219.1
Project("{888888A0-9F3D-457C-B088-3A5042F75D52}") = "thermoctrl", "thermoctrl.pyproj", "{77D96741-4811-4094-8591-A45394A6D0CE}"
EndProject
Global
	GlobalSection(SolutionConfigurationPlatforms) = preSolution
		Debug|Any CPU = Debug|Any CPU
		Release|Any CPU = Release|Any CPU
	EndGlobalSection
	GlobalSection(ProjectConfigurationPlatforms) = postSolution
		{77D96741-4811-4094-8591-A45394A6D0CE}.Debug|Any CPU.ActiveCfg = Debug|Any CPU
		{77D96741-4811-4094-8591-A45394A6D0CE}.Debug|Any CPU.Build.0 = Debug|Any CPU
		{77D96741-4811-4094-8591-A45394A6D0CE}.Release|Any CPU.ActiveCfg = Release|Any CPU
		{77D96741-4811-4094-8591-A45394A6D0CE}.Release|Any CPU.Build.0 = Release|Any CPU
	EndGlobalSection
	GlobalSection(SolutionProperties) = preSolution
		HideSolutionNode = FALSE
	EndGlobalSection
EndGlobal
